
Microsoft Visual Studio Solution File, Format Version 12.00
# Visual Studio Version 17
VisualStudioVersion = 17.10.34928.147
MinimumVisualStudioVersion = 10.0.40219.1
Project("{9A19103F-16F7-4668-BE54-9A1E7A4F7556}") = "WpfMvvmUserControlRestore", "WpfMvvmUserControlRestore\WpfMvvmUserControlRestore.csproj", "{3FCF5B10-5C13-4637-8DFB-DEABD50A2FAA}"
EndProject
Global
	GlobalSection(SolutionConfigurationPlatforms) = preSolution
		Debug|Any CPU = Debug|Any CPU
		Release|Any CPU = Release|Any CPU
	EndGlobalSection
	GlobalSection(ProjectConfigurationPlatforms) = postSolution
		{3FCF5B10-5C13-4637-8DFB-DEABD50A2FAA}.Debug|Any CPU.ActiveCfg = Debug|Any CPU
		{3FCF5B10-5C13-4637-8DFB-DEABD50A2FAA}.Debug|Any CPU.Build.0 = Debug|Any CPU
		{3FCF5B10-5C13-4637-8DFB-DEABD50A2FAA}.Release|Any CPU.ActiveCfg = Release|Any CPU
		{3FCF5B10-5C13-4637-8DFB-DEABD50A2FAA}.Release|Any CPU.Build.0 = Release|Any CPU
	EndGlobalSection
	GlobalSection(SolutionProperties) = preSolution
		HideSolutionNode = FALSE
	EndGlobalSection
	GlobalSection(ExtensibilityGlobals) = postSolution
		SolutionGuid = {9C0A4301-0B98-4582-A42C-6779792AA703}
	EndGlobalSection
EndGlobal
